{
    "name": "beep",
    "version": "1.0.0",
    "lockfileVersion": 2,
    "requires": true,
    "packages": {
        "": {
            "version": "1.0.0",
            "license": "AGPL-version-3.0",
            "engines": {
                "node": ">= 14.0.0",
                "npm": ">= 6.0.0"
            }
        }
    }
}
